
Microsoft Visual Studio Solution File, Format Version 12.00
# Visual Studio 2012
Project("{FAE04EC0-301F-11D3-BF4B-00C04F79EFBC}") = "Kd_Test", "Kd_Test.csproj", "{B728102A-3D1A-4704-A38C-17BBFF889F63}"
EndProject
Global
	GlobalSection(SolutionConfigurationPlatforms) = preSolution
		Debug|Any CPU = Debug|Any CPU
		Release|Any CPU = Release|Any CPU
	EndGlobalSection
	GlobalSection(ProjectConfigurationPlatforms) = postSolution
		{B728102A-3D1A-4704-A38C-17BBFF889F63}.Debug|Any CPU.ActiveCfg = Debug|Any CPU
		{B728102A-3D1A-4704-A38C-17BBFF889F63}.Debug|Any CPU.Build.0 = Debug|Any CPU
		{B728102A-3D1A-4704-A38C-17BBFF889F63}.Release|Any CPU.ActiveCfg = Release|Any CPU
		{B728102A-3D1A-4704-A38C-17BBFF889F63}.Release|Any CPU.Build.0 = Release|Any CPU
	EndGlobalSection
	GlobalSection(SolutionProperties) = preSolution
		HideSolutionNode = FALSE
	EndGlobalSection
EndGlobal
